
Microsoft Visual Studio Solution File, Format Version 12.00
# Visual Studio Version 17
VisualStudioVersion = 17.10.35122.118
MinimumVisualStudioVersion = 10.0.40219.1
Project("{FAE04EC0-301F-11D3-BF4B-00C04F79EFBC}") = "Projeto 1", "Projeto 1\Projeto 1.csproj", "{EAB8BC22-531B-44CF-866F-6375D7BA272D}"
EndProject
Global
	GlobalSection(SolutionConfigurationPlatforms) = preSolution
		Debug|Any CPU = Debug|Any CPU
		Release|Any CPU = Release|Any CPU
	EndGlobalSection
	GlobalSection(ProjectConfigurationPlatforms) = postSolution
		{EAB8BC22-531B-44CF-866F-6375D7BA272D}.Debug|Any CPU.ActiveCfg = Debug|Any CPU
		{EAB8BC22-531B-44CF-866F-6375D7BA272D}.Debug|Any CPU.Build.0 = Debug|Any CPU
		{EAB8BC22-531B-44CF-866F-6375D7BA272D}.Release|Any CPU.ActiveCfg = Release|Any CPU
		{EAB8BC22-531B-44CF-866F-6375D7BA272D}.Release|Any CPU.Build.0 = Release|Any CPU
	EndGlobalSection
	GlobalSection(SolutionProperties) = preSolution
		HideSolutionNode = FALSE
	EndGlobalSection
	GlobalSection(ExtensibilityGlobals) = postSolution
		SolutionGuid = {D90A2855-921E-40FA-97E1-4F4A526AFD10}
	EndGlobalSection
EndGlobal
